{
  "requires": true,
  "lockfileVersion": 1,
  "dependencies": {
    "kontra": {
      "version": "7.1.0",
      "resolved": "https://registry.npmjs.org/kontra/-/kontra-7.1.0.tgz",
      "integrity": "sha512-at0H/1qH2BEEvYVm3xxNZFX8Q9Xe7A/4o/oKxUj9MQ6/1QurgBjJTWnYY4nX4I7UqHK4Mw6fa5YKXeDPfgtqiw=="
    }
  }
}
